
Microsoft Visual Studio Solution File, Format Version 12.00
# Visual Studio Version 17
VisualStudioVersion = 17.6.33829.357
MinimumVisualStudioVersion = 10.0.40219.1
Project("{FAE04EC0-301F-11D3-BF4B-00C04F79EFBC}") = "SLog_RocketMod", "SLog_RocketMod.csproj", "{B8AFCDEA-670A-4709-BD41-68317C37D286}"
EndProject
Global
	GlobalSection(SolutionConfigurationPlatforms) = preSolution
		Debug|Any CPU = Debug|Any CPU
		Release|Any CPU = Release|Any CPU
	EndGlobalSection
	GlobalSection(ProjectConfigurationPlatforms) = postSolution
		{B8AFCDEA-670A-4709-BD41-68317C37D286}.Debug|Any CPU.ActiveCfg = Debug|Any CPU
		{B8AFCDEA-670A-4709-BD41-68317C37D286}.Debug|Any CPU.Build.0 = Debug|Any CPU
		{B8AFCDEA-670A-4709-BD41-68317C37D286}.Release|Any CPU.ActiveCfg = Release|Any CPU
		{B8AFCDEA-670A-4709-BD41-68317C37D286}.Release|Any CPU.Build.0 = Release|Any CPU
	EndGlobalSection
	GlobalSection(SolutionProperties) = preSolution
		HideSolutionNode = FALSE
	EndGlobalSection
	GlobalSection(ExtensibilityGlobals) = postSolution
		SolutionGuid = {FF1BA2A4-5A42-433C-97FC-155FD008C563}
	EndGlobalSection
EndGlobal
